
Microsoft Visual Studio Solution File, Format Version 12.00
# Visual Studio Version 17
VisualStudioVersion = 17.8.34525.116
MinimumVisualStudioVersion = 10.0.40219.1
Project("{54A90642-561A-4BB1-A94E-469ADEE60C69}") = "studyBuddy", "studyBuddy.esproj", "{95A3DAE2-7A09-4EC0-9642-F53A8A732102}"
EndProject
Global
	GlobalSection(SolutionConfigurationPlatforms) = preSolution
		Debug|Any CPU = Debug|Any CPU
		Release|Any CPU = Release|Any CPU
	EndGlobalSection
	GlobalSection(ProjectConfigurationPlatforms) = postSolution
		{95A3DAE2-7A09-4EC0-9642-F53A8A732102}.Debug|Any CPU.ActiveCfg = Debug|Any CPU
		{95A3DAE2-7A09-4EC0-9642-F53A8A732102}.Debug|Any CPU.Build.0 = Debug|Any CPU
		{95A3DAE2-7A09-4EC0-9642-F53A8A732102}.Debug|Any CPU.Deploy.0 = Debug|Any CPU
		{95A3DAE2-7A09-4EC0-9642-F53A8A732102}.Release|Any CPU.ActiveCfg = Release|Any CPU
		{95A3DAE2-7A09-4EC0-9642-F53A8A732102}.Release|Any CPU.Build.0 = Release|Any CPU
		{95A3DAE2-7A09-4EC0-9642-F53A8A732102}.Release|Any CPU.Deploy.0 = Release|Any CPU
	EndGlobalSection
	GlobalSection(SolutionProperties) = preSolution
		HideSolutionNode = FALSE
	EndGlobalSection
	GlobalSection(ExtensibilityGlobals) = postSolution
		SolutionGuid = {92E764FF-944A-4B41-A57E-BCDF6C6A8FEF}
	EndGlobalSection
EndGlobal
